
Microsoft Visual Studio Solution File, Format Version 12.00
# Visual Studio Version 16
VisualStudioVersion = 16.0.32802.440
MinimumVisualStudioVersion = 10.0.40219.1
Project("{FAE04EC0-301F-11D3-BF4B-00C04F79EFBC}") = "WindowsFormsApp4", "WindowsFormsApp4\WindowsFormsApp4.csproj", "{8418ED9D-1E6D-46C3-ABCE-39D503907844}"
EndProject
Global
	GlobalSection(SolutionConfigurationPlatforms) = preSolution
		Debug|Any CPU = Debug|Any CPU
		Release|Any CPU = Release|Any CPU
	EndGlobalSection
	GlobalSection(ProjectConfigurationPlatforms) = postSolution
		{8418ED9D-1E6D-46C3-ABCE-39D503907844}.Debug|Any CPU.ActiveCfg = Debug|Any CPU
		{8418ED9D-1E6D-46C3-ABCE-39D503907844}.Debug|Any CPU.Build.0 = Debug|Any CPU
		{8418ED9D-1E6D-46C3-ABCE-39D503907844}.Release|Any CPU.ActiveCfg = Release|Any CPU
		{8418ED9D-1E6D-46C3-ABCE-39D503907844}.Release|Any CPU.Build.0 = Release|Any CPU
	EndGlobalSection
	GlobalSection(SolutionProperties) = preSolution
		HideSolutionNode = FALSE
	EndGlobalSection
	GlobalSection(ExtensibilityGlobals) = postSolution
		SolutionGuid = {A1702844-8A72-48E9-8CF4-2AA5CCB8C662}
	EndGlobalSection
EndGlobal
