
Microsoft Visual Studio Solution File, Format Version 12.00
# Visual Studio Version 16
VisualStudioVersion = 16.0.32802.440
MinimumVisualStudioVersion = 10.0.40219.1
Project("{FAE04EC0-301F-11D3-BF4B-00C04F79EFBC}") = "ConsoleApp4", "ConsoleApp4\ConsoleApp4.csproj", "{536F8176-EA66-4489-89D1-93F1EBC343C7}"
EndProject
Global
	GlobalSection(SolutionConfigurationPlatforms) = preSolution
		Debug|Any CPU = Debug|Any CPU
		Release|Any CPU = Release|Any CPU
	EndGlobalSection
	GlobalSection(ProjectConfigurationPlatforms) = postSolution
		{536F8176-EA66-4489-89D1-93F1EBC343C7}.Debug|Any CPU.ActiveCfg = Debug|Any CPU
		{536F8176-EA66-4489-89D1-93F1EBC343C7}.Debug|Any CPU.Build.0 = Debug|Any CPU
		{536F8176-EA66-4489-89D1-93F1EBC343C7}.Release|Any CPU.ActiveCfg = Release|Any CPU
		{536F8176-EA66-4489-89D1-93F1EBC343C7}.Release|Any CPU.Build.0 = Release|Any CPU
	EndGlobalSection
	GlobalSection(SolutionProperties) = preSolution
		HideSolutionNode = FALSE
	EndGlobalSection
	GlobalSection(ExtensibilityGlobals) = postSolution
		SolutionGuid = {00D36DC7-6175-4C60-9112-3FA208D4F3C7}
	EndGlobalSection
EndGlobal
